
Microsoft Visual Studio Solution File, Format Version 12.00
# Visual Studio Version 17
VisualStudioVersion = 17.14.36518.9
MinimumVisualStudioVersion = 10.0.40219.1
Project("{2150E333-8FDC-42A3-9474-1A3956D46DE8}") = "Task0", "Task0", "{02EA681E-C7D8-13C7-8484-4AC65E1B71E8}"
EndProject
Project("{FAE04EC0-301F-11D3-BF4B-00C04F79EFBC}") = "Tyuiu.KilikaevRV.Sprint3.Task0.V9.Lib", "Tyuiu.KilikaevRV.Sprint3.Task0.V9.Lib\Tyuiu.KilikaevRV.Sprint3.Task0.V9.Lib.csproj", "{10DDDDD6-4062-4121-AB27-A87FA61AA1F5}"
EndProject
Project("{FAE04EC0-301F-11D3-BF4B-00C04F79EFBC}") = "Tyuiu.KilikaevRV.Sprint3.Task0.V9.Test", "Tyuiu.KilikaevRV.Sprint3.Task0.V9.Test\Tyuiu.KilikaevRV.Sprint3.Task0.V9.Test.csproj", "{839FBC18-725D-4489-AC43-DAE15CC75DB1}"
EndProject
Project("{FAE04EC0-301F-11D3-BF4B-00C04F79EFBC}") = "Tyuiu.KilikaevRV.Sprint3.Task0.V9", "Tyuiu.KilikaevRV.Sprint3.Task0.V9\Tyuiu.KilikaevRV.Sprint3.Task0.V9.csproj", "{3565F2F4-CC56-4866-B645-F22AB448CD97}"
EndProject
Project("{2150E333-8FDC-42A3-9474-1A3956D46DE8}") = "Task1", "Task1", "{6027F661-402A-4BC8-A870-012D16538D6B}"
EndProject
Project("{FAE04EC0-301F-11D3-BF4B-00C04F79EFBC}") = "Tyuiu.KilikaevRV.Sprint3.Task1.V14", "Tyuiu.KilikaevRV.Sprint3.Task1.V14\Tyuiu.KilikaevRV.Sprint3.Task1.V14.csproj", "{F3100997-8B27-4BC0-ACA0-C45FF86AC751}"
EndProject
Project("{FAE04EC0-301F-11D3-BF4B-00C04F79EFBC}") = "Tyuiu.KilikaevRV.Sprint3.Task1.V14.Test", "Tyuiu.KilikaevRV.Sprint3.Task1.V14.Test\Tyuiu.KilikaevRV.Sprint3.Task1.V14.Test.csproj", "{764989AE-E098-4310-8283-9F3581D1FF68}"
EndProject
Project("{FAE04EC0-301F-11D3-BF4B-00C04F79EFBC}") = "Tyuiu.KilikaevRV.Sprint3.Task1.V14.Lib", "Tyuiu.KilikaevRV.Sprint3.Task1.V14.Lib\Tyuiu.KilikaevRV.Sprint3.Task1.V14.Lib.csproj", "{EE2E69E3-C1D9-4C34-AE9A-2D4124F290AD}"
EndProject
Project("{2150E333-8FDC-42A3-9474-1A3956D46DE8}") = "Task2", "Task2", "{D6176619-66D8-4F99-BC22-770C81106819}"
EndProject
Project("{FAE04EC0-301F-11D3-BF4B-00C04F79EFBC}") = "Tyuiu.KilikaevRV.Sprint3.Task2.V24.Lib", "Tyuiu.KilikaevRV.Sprint3.Task2.V24.Lib\Tyuiu.KilikaevRV.Sprint3.Task2.V24.Lib.csproj", "{655524CA-FFFF-46A3-B7A7-9C2AB1D639F4}"
EndProject
Project("{FAE04EC0-301F-11D3-BF4B-00C04F79EFBC}") = "Tyuiu.KilikaevRV.Sprint3.Task2.V24.Test", "Tyuiu.KilikaevRV.Sprint3.Task2.V24.Test\Tyuiu.KilikaevRV.Sprint3.Task2.V24.Test.csproj", "{25EA6DC0-A90F-4AD7-A5C3-74B6CDDD0064}"
EndProject
Project("{FAE04EC0-301F-11D3-BF4B-00C04F79EFBC}") = "Tyuiu.KilikaevRV.Sprint3.Task2.V24", "Tyuiu.KilikaevRV.Sprint3.Task2.V24\Tyuiu.KilikaevRV.Sprint3.Task2.V24.csproj", "{E725B54D-F28B-4B1F-BE89-2B5E77309163}"
EndProject
Project("{2150E333-8FDC-42A3-9474-1A3956D46DE8}") = "Task3", "Task3", "{06543C3D-27E5-4D14-8947-56EFD4D0DFDA}"
EndProject
Project("{FAE04EC0-301F-11D3-BF4B-00C04F79EFBC}") = "Tyuiu.KilikaevRV.Sprint3.Task3.V9", "Tyuiu.KilikaevRV.Sprint3.Task3.V9\Tyuiu.KilikaevRV.Sprint3.Task3.V9.csproj", "{2813D7FD-4DC2-4093-B810-3FE5A9E0D4D9}"
EndProject
Project("{FAE04EC0-301F-11D3-BF4B-00C04F79EFBC}") = "Tyuiu.KilikaevRV.Sprint3.Task3.V9.Test", "Tyuiu.KilikaevRV.Sprint3.Task3.V9.Test\Tyuiu.KilikaevRV.Sprint3.Task3.V9.Test.csproj", "{48C5EDA1-9234-43EA-837F-B1A463553566}"
EndProject
Project("{FAE04EC0-301F-11D3-BF4B-00C04F79EFBC}") = "Tyuiu.KilikaevRV.Sprint3.Task3.V9.Lib", "Tyuiu.KilikaevRV.Sprint3.Task3.V9.Lib\Tyuiu.KilikaevRV.Sprint3.Task3.V9.Lib.csproj", "{EAE5F4BF-5524-40C0-A610-210D5AF81171}"
EndProject
Project("{2150E333-8FDC-42A3-9474-1A3956D46DE8}") = "Task4", "Task4", "{30042144-C77A-49FD-A3EC-490D57522563}"
EndProject
Project("{FAE04EC0-301F-11D3-BF4B-00C04F79EFBC}") = "Tyuiu.KilikaevRV.Sprint3.Task4.V22.Lib", "Tyuiu.KilikaevRV.Sprint3.Task4.V22.Lib\Tyuiu.KilikaevRV.Sprint3.Task4.V22.Lib.csproj", "{2AF120E4-B79C-47F5-9AAC-AF4FA673E5D6}"
EndProject
Project("{FAE04EC0-301F-11D3-BF4B-00C04F79EFBC}") = "Tyuiu.KilikaevRV.Sprint3.Task4.V22.Test", "Tyuiu.KilikaevRV.Sprint3.Task4.V22.Test\Tyuiu.KilikaevRV.Sprint3.Task4.V22.Test.csproj", "{6290A9BE-B11E-454C-91E2-E8D3DDC99E1E}"
EndProject
Project("{FAE04EC0-301F-11D3-BF4B-00C04F79EFBC}") = "Tyuiu.KilikaevRV.Sprint3.Task4.V22", "Tyuiu.KilikaevRV.Sprint3.Task4.V22\Tyuiu.KilikaevRV.Sprint3.Task4.V22.csproj", "{3B07F3B2-9010-45C5-B333-B5FE9F37ADA8}"
EndProject
Global
	GlobalSection(SolutionConfigurationPlatforms) = preSolution
		Debug|Any CPU = Debug|Any CPU
		Release|Any CPU = Release|Any CPU
	EndGlobalSection
	GlobalSection(ProjectConfigurationPlatforms) = postSolution
		{10DDDDD6-4062-4121-AB27-A87FA61AA1F5}.Debug|Any CPU.ActiveCfg = Debug|Any CPU
		{10DDDDD6-4062-4121-AB27-A87FA61AA1F5}.Debug|Any CPU.Build.0 = Debug|Any CPU
		{10DDDDD6-4062-4121-AB27-A87FA61AA1F5}.Release|Any CPU.ActiveCfg = Release|Any CPU
		{10DDDDD6-4062-4121-AB27-A87FA61AA1F5}.Release|Any CPU.Build.0 = Release|Any CPU
		{839FBC18-725D-4489-AC43-DAE15CC75DB1}.Debug|Any CPU.ActiveCfg = Debug|Any CPU
		{839FBC18-725D-4489-AC43-DAE15CC75DB1}.Debug|Any CPU.Build.0 = Debug|Any CPU
		{839FBC18-725D-4489-AC43-DAE15CC75DB1}.Release|Any CPU.ActiveCfg = Release|Any CPU
		{839FBC18-725D-4489-AC43-DAE15CC75DB1}.Release|Any CPU.Build.0 = Release|Any CPU
		{3565F2F4-CC56-4866-B645-F22AB448CD97}.Debug|Any CPU.ActiveCfg = Debug|Any CPU
		{3565F2F4-CC56-4866-B645-F22AB448CD97}.Debug|Any CPU.Build.0 = Debug|Any CPU
		{3565F2F4-CC56-4866-B645-F22AB448CD97}.Release|Any CPU.ActiveCfg = Release|Any CPU
		{3565F2F4-CC56-4866-B645-F22AB448CD97}.Release|Any CPU.Build.0 = Release|Any CPU
		{F3100997-8B27-4BC0-ACA0-C45FF86AC751}.Debug|Any CPU.ActiveCfg = Debug|Any CPU
		{F3100997-8B27-4BC0-ACA0-C45FF86AC751}.Debug|Any CPU.Build.0 = Debug|Any CPU
		{F3100997-8B27-4BC0-ACA0-C45FF86AC751}.Release|Any CPU.ActiveCfg = Release|Any CPU
		{F3100997-8B27-4BC0-ACA0-C45FF86AC751}.Release|Any CPU.Build.0 = Release|Any CPU
		{764989AE-E098-4310-8283-9F3581D1FF68}.Debug|Any CPU.ActiveCfg = Debug|Any CPU
		{764989AE-E098-4310-8283-9F3581D1FF68}.Debug|Any CPU.Build.0 = Debug|Any CPU
		{764989AE-E098-4310-8283-9F3581D1FF68}.Release|Any CPU.ActiveCfg = Release|Any CPU
		{764989AE-E098-4310-8283-9F3581D1FF68}.Release|Any CPU.Build.0 = Release|Any CPU
		{EE2E69E3-C1D9-4C34-AE9A-2D4124F290AD}.Debug|Any CPU.ActiveCfg = Debug|Any CPU
		{EE2E69E3-C1D9-4C34-AE9A-2D4124F290AD}.Debug|Any CPU.Build.0 = Debug|Any CPU
		{EE2E69E3-C1D9-4C34-AE9A-2D4124F290AD}.Release|Any CPU.ActiveCfg = Release|Any CPU
		{EE2E69E3-C1D9-4C34-AE9A-2D4124F290AD}.Release|Any CPU.Build.0 = Release|Any CPU
		{655524CA-FFFF-46A3-B7A7-9C2AB1D639F4}.Debug|Any CPU.ActiveCfg = Debug|Any CPU
		{655524CA-FFFF-46A3-B7A7-9C2AB1D639F4}.Debug|Any CPU.Build.0 = Debug|Any CPU
		{655524CA-FFFF-46A3-B7A7-9C2AB1D639F4}.Release|Any CPU.ActiveCfg = Release|Any CPU
		{655524CA-FFFF-46A3-B7A7-9C2AB1D639F4}.Release|Any CPU.Build.0 = Release|Any CPU
		{25EA6DC0-A90F-4AD7-A5C3-74B6CDDD0064}.Debug|Any CPU.ActiveCfg = Debug|Any CPU
		{25EA6DC0-A90F-4AD7-A5C3-74B6CDDD0064}.Debug|Any CPU.Build.0 = Debug|Any CPU
		{25EA6DC0-A90F-4AD7-A5C3-74B6CDDD0064}.Release|Any CPU.ActiveCfg = Release|Any CPU
		{25EA6DC0-A90F-4AD7-A5C3-74B6CDDD0064}.Release|Any CPU.Build.0 = Release|Any CPU
		{E725B54D-F28B-4B1F-BE89-2B5E77309163}.Debug|Any CPU.ActiveCfg = Debug|Any CPU
		{E725B54D-F28B-4B1F-BE89-2B5E77309163}.Debug|Any CPU.Build.0 = Debug|Any CPU
		{E725B54D-F28B-4B1F-BE89-2B5E77309163}.Release|Any CPU.ActiveCfg = Release|Any CPU
		{E725B54D-F28B-4B1F-BE89-2B5E77309163}.Release|Any CPU.Build.0 = Release|Any CPU
		{2813D7FD-4DC2-4093-B810-3FE5A9E0D4D9}.Debug|Any CPU.ActiveCfg = Debug|Any CPU
		{2813D7FD-4DC2-4093-B810-3FE5A9E0D4D9}.Debug|Any CPU.Build.0 = Debug|Any CPU
		{2813D7FD-4DC2-4093-B810-3FE5A9E0D4D9}.Release|Any CPU.ActiveCfg = Release|Any CPU
		{2813D7FD-4DC2-4093-B810-3FE5A9E0D4D9}.Release|Any CPU.Build.0 = Release|Any CPU
		{48C5EDA1-9234-43EA-837F-B1A463553566}.Debug|Any CPU.ActiveCfg = Debug|Any CPU
		{48C5EDA1-9234-43EA-837F-B1A463553566}.Debug|Any CPU.Build.0 = Debug|Any CPU
		{48C5EDA1-9234-43EA-837F-B1A463553566}.Release|Any CPU.ActiveCfg = Release|Any CPU
		{48C5EDA1-9234-43EA-837F-B1A463553566}.Release|Any CPU.Build.0 = Release|Any CPU
		{EAE5F4BF-5524-40C0-A610-210D5AF81171}.Debug|Any CPU.ActiveCfg = Debug|Any CPU
		{EAE5F4BF-5524-40C0-A610-210D5AF81171}.Debug|Any CPU.Build.0 = Debug|Any CPU
		{EAE5F4BF-5524-40C0-A610-210D5AF81171}.Release|Any CPU.ActiveCfg = Release|Any CPU
		{EAE5F4BF-5524-40C0-A610-210D5AF81171}.Release|Any CPU.Build.0 = Release|Any CPU
		{2AF120E4-B79C-47F5-9AAC-AF4FA673E5D6}.Debug|Any CPU.ActiveCfg = Debug|Any CPU
		{2AF120E4-B79C-47F5-9AAC-AF4FA673E5D6}.Debug|Any CPU.Build.0 = Debug|Any CPU
		{2AF120E4-B79C-47F5-9AAC-AF4FA673E5D6}.Release|Any CPU.ActiveCfg = Release|Any CPU
		{2AF120E4-B79C-47F5-9AAC-AF4FA673E5D6}.Release|Any CPU.Build.0 = Release|Any CPU
		{6290A9BE-B11E-454C-91E2-E8D3DDC99E1E}.Debug|Any CPU.ActiveCfg = Debug|Any CPU
		{6290A9BE-B11E-454C-91E2-E8D3DDC99E1E}.Debug|Any CPU.Build.0 = Debug|Any CPU
		{6290A9BE-B11E-454C-91E2-E8D3DDC99E1E}.Release|Any CPU.ActiveCfg = Release|Any CPU
		{6290A9BE-B11E-454C-91E2-E8D3DDC99E1E}.Release|Any CPU.Build.0 = Release|Any CPU
		{3B07F3B2-9010-45C5-B333-B5FE9F37ADA8}.Debug|Any CPU.ActiveCfg = Debug|Any CPU
		{3B07F3B2-9010-45C5-B333-B5FE9F37ADA8}.Debug|Any CPU.Build.0 = Debug|Any CPU
		{3B07F3B2-9010-45C5-B333-B5FE9F37ADA8}.Release|Any CPU.ActiveCfg = Release|Any CPU
		{3B07F3B2-9010-45C5-B333-B5FE9F37ADA8}.Release|Any CPU.Build.0 = Release|Any CPU
	EndGlobalSection
	GlobalSection(SolutionProperties) = preSolution
		HideSolutionNode = FALSE
	EndGlobalSection
	GlobalSection(NestedProjects) = preSolution
		{10DDDDD6-4062-4121-AB27-A87FA61AA1F5} = {02EA681E-C7D8-13C7-8484-4AC65E1B71E8}
		{839FBC18-725D-4489-AC43-DAE15CC75DB1} = {02EA681E-C7D8-13C7-8484-4AC65E1B71E8}
		{3565F2F4-CC56-4866-B645-F22AB448CD97} = {02EA681E-C7D8-13C7-8484-4AC65E1B71E8}
		{F3100997-8B27-4BC0-ACA0-C45FF86AC751} = {6027F661-402A-4BC8-A870-012D16538D6B}
		{764989AE-E098-4310-8283-9F3581D1FF68} = {6027F661-402A-4BC8-A870-012D16538D6B}
		{EE2E69E3-C1D9-4C34-AE9A-2D4124F290AD} = {6027F661-402A-4BC8-A870-012D16538D6B}
		{655524CA-FFFF-46A3-B7A7-9C2AB1D639F4} = {D6176619-66D8-4F99-BC22-770C81106819}
		{25EA6DC0-A90F-4AD7-A5C3-74B6CDDD0064} = {D6176619-66D8-4F99-BC22-770C81106819}
		{E725B54D-F28B-4B1F-BE89-2B5E77309163} = {D6176619-66D8-4F99-BC22-770C81106819}
		{2813D7FD-4DC2-4093-B810-3FE5A9E0D4D9} = {06543C3D-27E5-4D14-8947-56EFD4D0DFDA}
		{48C5EDA1-9234-43EA-837F-B1A463553566} = {06543C3D-27E5-4D14-8947-56EFD4D0DFDA}
		{EAE5F4BF-5524-40C0-A610-210D5AF81171} = {06543C3D-27E5-4D14-8947-56EFD4D0DFDA}
		{2AF120E4-B79C-47F5-9AAC-AF4FA673E5D6} = {30042144-C77A-49FD-A3EC-490D57522563}
		{6290A9BE-B11E-454C-91E2-E8D3DDC99E1E} = {30042144-C77A-49FD-A3EC-490D57522563}
		{3B07F3B2-9010-45C5-B333-B5FE9F37ADA8} = {30042144-C77A-49FD-A3EC-490D57522563}
	EndGlobalSection
	GlobalSection(ExtensibilityGlobals) = postSolution
		SolutionGuid = {8975EEEF-EF5D-4720-9E57-F2FDB73A3772}
	EndGlobalSection
EndGlobal
